
Microsoft Visual Studio Solution File, Format Version 12.00
# Visual Studio Version 17
VisualStudioVersion = 17.13.35931.197
MinimumVisualStudioVersion = 10.0.40219.1
Project("{FAE04EC0-301F-11D3-BF4B-00C04F79EFBC}") = "SwitchGettingStarted", "SwitchGettingStarted.csproj", "{156B5190-3838-4F16-8B17-C425694A0EB4}"
EndProject
Global
	GlobalSection(SolutionConfigurationPlatforms) = preSolution
		Debug|Any CPU = Debug|Any CPU
		Release|Any CPU = Release|Any CPU
	EndGlobalSection
	GlobalSection(ProjectConfigurationPlatforms) = postSolution
		{156B5190-3838-4F16-8B17-C425694A0EB4}.Debug|Any CPU.ActiveCfg = Debug|Any CPU
		{156B5190-3838-4F16-8B17-C425694A0EB4}.Debug|Any CPU.Build.0 = Debug|Any CPU
		{156B5190-3838-4F16-8B17-C425694A0EB4}.Debug|Any CPU.Deploy.0 = Debug|Any CPU
		{156B5190-3838-4F16-8B17-C425694A0EB4}.Release|Any CPU.ActiveCfg = Release|Any CPU
		{156B5190-3838-4F16-8B17-C425694A0EB4}.Release|Any CPU.Build.0 = Release|Any CPU
	EndGlobalSection
	GlobalSection(SolutionProperties) = preSolution
		HideSolutionNode = FALSE
	EndGlobalSection
	GlobalSection(ExtensibilityGlobals) = postSolution
		SolutionGuid = {97AECABC-83A9-404A-80A3-8E20E9A82D48}
	EndGlobalSection
EndGlobal
